
Microsoft Visual Studio Solution File, Format Version 12.00
# Visual Studio Version 17
VisualStudioVersion = 17.10.35013.160
MinimumVisualStudioVersion = 10.0.40219.1
Project("{FAE04EC0-301F-11D3-BF4B-00C04F79EFBC}") = "Bankrablas_bb_13c", "Bankrablas_bb_13c\Bankrablas_bb_13c.csproj", "{19365D2C-A989-4AF2-BD7C-80D6768E0C23}"
EndProject
Global
	GlobalSection(SolutionConfigurationPlatforms) = preSolution
		Debug|Any CPU = Debug|Any CPU
		Release|Any CPU = Release|Any CPU
	EndGlobalSection
	GlobalSection(ProjectConfigurationPlatforms) = postSolution
		{19365D2C-A989-4AF2-BD7C-80D6768E0C23}.Debug|Any CPU.ActiveCfg = Debug|Any CPU
		{19365D2C-A989-4AF2-BD7C-80D6768E0C23}.Debug|Any CPU.Build.0 = Debug|Any CPU
		{19365D2C-A989-4AF2-BD7C-80D6768E0C23}.Release|Any CPU.ActiveCfg = Release|Any CPU
		{19365D2C-A989-4AF2-BD7C-80D6768E0C23}.Release|Any CPU.Build.0 = Release|Any CPU
	EndGlobalSection
	GlobalSection(SolutionProperties) = preSolution
		HideSolutionNode = FALSE
	EndGlobalSection
	GlobalSection(ExtensibilityGlobals) = postSolution
		SolutionGuid = {31B6C2A6-1E0C-4989-8FBD-05C125E64688}
	EndGlobalSection
EndGlobal
